
Microsoft Visual Studio Solution File, Format Version 12.00
# Visual Studio 15
VisualStudioVersion = 15.0.28307.1525
MinimumVisualStudioVersion = 10.0.40219.1
Project("{FAE04EC0-301F-11D3-BF4B-00C04F79EFBC}") = "WebApplication1", "WebApplication1\WebApplication1.csproj", "{805C2A40-CC21-4BFC-A3CC-735BD5C03637}"
EndProject
Global
	GlobalSection(SolutionConfigurationPlatforms) = preSolution
		Debug|Any CPU = Debug|Any CPU
		Release|Any CPU = Release|Any CPU
	EndGlobalSection
	GlobalSection(ProjectConfigurationPlatforms) = postSolution
		{805C2A40-CC21-4BFC-A3CC-735BD5C03637}.Debug|Any CPU.ActiveCfg = Debug|Any CPU
		{805C2A40-CC21-4BFC-A3CC-735BD5C03637}.Debug|Any CPU.Build.0 = Debug|Any CPU
		{805C2A40-CC21-4BFC-A3CC-735BD5C03637}.Release|Any CPU.ActiveCfg = Release|Any CPU
		{805C2A40-CC21-4BFC-A3CC-735BD5C03637}.Release|Any CPU.Build.0 = Release|Any CPU
	EndGlobalSection
	GlobalSection(SolutionProperties) = preSolution
		HideSolutionNode = FALSE
	EndGlobalSection
	GlobalSection(ExtensibilityGlobals) = postSolution
		SolutionGuid = {6F08B927-8456-4E3A-BA72-053CDF7D0696}
	EndGlobalSection
EndGlobal
